
Microsoft Visual Studio Solution File, Format Version 12.00
# Visual Studio Version 16
VisualStudioVersion = 16.0.29905.134
MinimumVisualStudioVersion = 10.0.40219.1
Project("{FAE04EC0-301F-11D3-BF4B-00C04F79EFBC}") = "TvShowRenaming", "TvShowRenaming\TvShowRenaming.csproj", "{2E5089F6-6908-4E29-ACB4-3A7752BB42FE}"
EndProject
Global
	GlobalSection(SolutionConfigurationPlatforms) = preSolution
		Debug|Any CPU = Debug|Any CPU
		Release|Any CPU = Release|Any CPU
	EndGlobalSection
	GlobalSection(ProjectConfigurationPlatforms) = postSolution
		{2E5089F6-6908-4E29-ACB4-3A7752BB42FE}.Debug|Any CPU.ActiveCfg = Debug|Any CPU
		{2E5089F6-6908-4E29-ACB4-3A7752BB42FE}.Debug|Any CPU.Build.0 = Debug|Any CPU
		{2E5089F6-6908-4E29-ACB4-3A7752BB42FE}.Release|Any CPU.ActiveCfg = Release|Any CPU
		{2E5089F6-6908-4E29-ACB4-3A7752BB42FE}.Release|Any CPU.Build.0 = Release|Any CPU
	EndGlobalSection
	GlobalSection(SolutionProperties) = preSolution
		HideSolutionNode = FALSE
	EndGlobalSection
	GlobalSection(ExtensibilityGlobals) = postSolution
		SolutionGuid = {21A8560F-F130-4A7C-BDDA-B2157371C25A}
	EndGlobalSection
EndGlobal
